
Microsoft Visual Studio Solution File, Format Version 12.00
# Visual Studio Version 16
VisualStudioVersion = 16.0.29613.14
MinimumVisualStudioVersion = 10.0.40219.1
Project("{FAE04EC0-301F-11D3-BF4B-00C04F79EFBC}") = "ACManager", "ACManager.csproj", "{C2880823-67E7-4B3D-A481-9ADC9847C39C}"
EndProject
Project("{FAE04EC0-301F-11D3-BF4B-00C04F79EFBC}") = "ACManagerFilter", "..\ACManagerFilter\ACManagerFilter.csproj", "{5C813DB6-6D2A-45B9-B379-D56A68C5ED96}"
EndProject
Project("{930C7802-8A8C-48F9-8165-68863BCCD9DD}") = "ACManagerInstaller", "..\ACManagerInstaller\ACManagerInstaller.wixproj", "{289C2784-7C78-48E2-8AF0-1A569D5DE428}"
EndProject
Global
	GlobalSection(SolutionConfigurationPlatforms) = preSolution
		Debug|Any CPU = Debug|Any CPU
		Debug|x86 = Debug|x86
		Release|Any CPU = Release|Any CPU
		Release|x86 = Release|x86
	EndGlobalSection
	GlobalSection(ProjectConfigurationPlatforms) = postSolution
		{C2880823-67E7-4B3D-A481-9ADC9847C39C}.Debug|Any CPU.ActiveCfg = Debug|Any CPU
		{C2880823-67E7-4B3D-A481-9ADC9847C39C}.Debug|Any CPU.Build.0 = Debug|Any CPU
		{C2880823-67E7-4B3D-A481-9ADC9847C39C}.Debug|x86.ActiveCfg = Debug|Any CPU
		{C2880823-67E7-4B3D-A481-9ADC9847C39C}.Debug|x86.Build.0 = Debug|Any CPU
		{C2880823-67E7-4B3D-A481-9ADC9847C39C}.Release|Any CPU.ActiveCfg = Release|Any CPU
		{C2880823-67E7-4B3D-A481-9ADC9847C39C}.Release|Any CPU.Build.0 = Release|Any CPU
		{C2880823-67E7-4B3D-A481-9ADC9847C39C}.Release|x86.ActiveCfg = Release|Any CPU
		{C2880823-67E7-4B3D-A481-9ADC9847C39C}.Release|x86.Build.0 = Release|Any CPU
		{5C813DB6-6D2A-45B9-B379-D56A68C5ED96}.Debug|Any CPU.ActiveCfg = Debug|Any CPU
		{5C813DB6-6D2A-45B9-B379-D56A68C5ED96}.Debug|Any CPU.Build.0 = Debug|Any CPU
		{5C813DB6-6D2A-45B9-B379-D56A68C5ED96}.Debug|x86.ActiveCfg = Debug|Any CPU
		{5C813DB6-6D2A-45B9-B379-D56A68C5ED96}.Debug|x86.Build.0 = Debug|Any CPU
		{5C813DB6-6D2A-45B9-B379-D56A68C5ED96}.Release|Any CPU.ActiveCfg = Release|Any CPU
		{5C813DB6-6D2A-45B9-B379-D56A68C5ED96}.Release|Any CPU.Build.0 = Release|Any CPU
		{5C813DB6-6D2A-45B9-B379-D56A68C5ED96}.Release|x86.ActiveCfg = Release|Any CPU
		{5C813DB6-6D2A-45B9-B379-D56A68C5ED96}.Release|x86.Build.0 = Release|Any CPU
		{289C2784-7C78-48E2-8AF0-1A569D5DE428}.Debug|Any CPU.ActiveCfg = Debug|x86
		{289C2784-7C78-48E2-8AF0-1A569D5DE428}.Debug|x86.ActiveCfg = Debug|x86
		{289C2784-7C78-48E2-8AF0-1A569D5DE428}.Debug|x86.Build.0 = Debug|x86
		{289C2784-7C78-48E2-8AF0-1A569D5DE428}.Release|Any CPU.ActiveCfg = Release|x86
		{289C2784-7C78-48E2-8AF0-1A569D5DE428}.Release|Any CPU.Build.0 = Release|x86
		{289C2784-7C78-48E2-8AF0-1A569D5DE428}.Release|x86.ActiveCfg = Release|x86
		{289C2784-7C78-48E2-8AF0-1A569D5DE428}.Release|x86.Build.0 = Release|x86
	EndGlobalSection
	GlobalSection(SolutionProperties) = preSolution
		HideSolutionNode = FALSE
	EndGlobalSection
	GlobalSection(ExtensibilityGlobals) = postSolution
		SolutionGuid = {ECC1C99F-4C7B-4BC7-8772-015A5979EBDF}
	EndGlobalSection
EndGlobal
